
Microsoft Visual Studio Solution File, Format Version 12.00
Project("{FAE04EC0-301F-11D3-BF4B-00C04F79EFBC}") = "AutoCommand", "AutoCommand\AutoCommand.csproj", "{8FF1A95F-238D-4AA2-8430-E025FEFC3897}"
EndProject
Project("{FAE04EC0-301F-11D3-BF4B-00C04F79EFBC}") = "AutoCommand.Tests", "AutoCommand.Tests\AutoCommand.Tests.csproj", "{96486B4B-DD45-49C2-8975-882A8E76911D}"
EndProject
Global
	GlobalSection(SolutionConfigurationPlatforms) = preSolution
		Debug|Any CPU = Debug|Any CPU
		Release|Any CPU = Release|Any CPU
	EndGlobalSection
	GlobalSection(ProjectConfigurationPlatforms) = postSolution
		{8FF1A95F-238D-4AA2-8430-E025FEFC3897}.Debug|Any CPU.ActiveCfg = Debug|Any CPU
		{8FF1A95F-238D-4AA2-8430-E025FEFC3897}.Debug|Any CPU.Build.0 = Debug|Any CPU
		{8FF1A95F-238D-4AA2-8430-E025FEFC3897}.Release|Any CPU.ActiveCfg = Release|Any CPU
		{8FF1A95F-238D-4AA2-8430-E025FEFC3897}.Release|Any CPU.Build.0 = Release|Any CPU
		{96486B4B-DD45-49C2-8975-882A8E76911D}.Debug|Any CPU.ActiveCfg = Debug|Any CPU
		{96486B4B-DD45-49C2-8975-882A8E76911D}.Debug|Any CPU.Build.0 = Debug|Any CPU
		{96486B4B-DD45-49C2-8975-882A8E76911D}.Release|Any CPU.ActiveCfg = Release|Any CPU
		{96486B4B-DD45-49C2-8975-882A8E76911D}.Release|Any CPU.Build.0 = Release|Any CPU
	EndGlobalSection
EndGlobal
